
Microsoft Visual Studio Solution File, Format Version 12.00
# Visual Studio 14
VisualStudioVersion = 14.0.25420.1
MinimumVisualStudioVersion = 10.0.40219.1
Project("{FAE04EC0-301F-11D3-BF4B-00C04F79EFBC}") = "hw4_sudoku", "hw4_sudoku\hw4_sudoku.csproj", "{04756366-EC76-4950-9A61-1A67BDF28008}"
EndProject
Global
	GlobalSection(SolutionConfigurationPlatforms) = preSolution
		Debug|Any CPU = Debug|Any CPU
		Release|Any CPU = Release|Any CPU
	EndGlobalSection
	GlobalSection(ProjectConfigurationPlatforms) = postSolution
		{04756366-EC76-4950-9A61-1A67BDF28008}.Debug|Any CPU.ActiveCfg = Debug|Any CPU
		{04756366-EC76-4950-9A61-1A67BDF28008}.Debug|Any CPU.Build.0 = Debug|Any CPU
		{04756366-EC76-4950-9A61-1A67BDF28008}.Release|Any CPU.ActiveCfg = Release|Any CPU
		{04756366-EC76-4950-9A61-1A67BDF28008}.Release|Any CPU.Build.0 = Release|Any CPU
	EndGlobalSection
	GlobalSection(SolutionProperties) = preSolution
		HideSolutionNode = FALSE
	EndGlobalSection
EndGlobal
